// !$*UTF8*$!
{
	archiveVersion = 1;
	classes = {
	};
	objectVersion = 56;
	objects = {

/* Begin PBXBuildFile section */
		363EE1012AC3B7CD002ABFF1 /* voice-command-vero.json in Resources */ = {isa = PBXBuildFile; fileRef = 363EE1002AC3B7CD002ABFF1 /* voice-command-vero.json */; };
		36C936D42AC2BE17009B7971 /* AppDelegate.swift in Sources */ = {isa = PBXBuildFile; fileRef = 36C936D32AC2BE17009B7971 /* AppDelegate.swift */; };
		36C936D62AC2BE17009B7971 /* SceneDelegate.swift in Sources */ = {isa = PBXBuildFile; fileRef = 36C936D52AC2BE17009B7971 /* SceneDelegate.swift */; };
		36C936D82AC2BE17009B7971 /* ViewController.swift in Sources */ = {isa = PBXBuildFile; fileRef = 36C936D72AC2BE17009B7971 /* ViewController.swift */; };
		36C936DB2AC2BE17009B7971 /* Main.storyboard in Resources */ = {isa = PBXBuildFile; fileRef = 36C936D92AC2BE17009B7971 /* Main.storyboard */; };
		36C936DD2AC2BE18009B7971 /* Assets.xcassets in Resources */ = {isa = PBXBuildFile; fileRef = 36C936DC2AC2BE18009B7971 /* Assets.xcassets */; };
		36C936E02AC2BE18009B7971 /* LaunchScreen.storyboard in Resources */ = {isa = PBXBuildFile; fileRef = 36C936DE2AC2BE18009B7971 /* LaunchScreen.storyboard */; };
		A7E444A8BE9FF677F760CD9D /* Pods_SpeechToText_Lottie.framework in Frameworks */ = {isa = PBXBuildFile; fileRef = B41CE1147FCD9123479ED58C /* Pods_SpeechToText_Lottie.framework */; };
/* End PBXBuildFile section */

/* Begin PBXFileReference section */
		363EE1002AC3B7CD002ABFF1 /* voice-command-vero.json */ = {isa = PBXFileReference; fileEncoding = 4; lastKnownFileType = text.json; path = "voice-command-vero.json"; sourceTree = "<group>"; };
		36C936D02AC2BE17009B7971 /* SpeechToText-Lottie.app */ = {isa = PBXFileReference; explicitFileType = wrapper.application; includeInIndex = 0; path = "SpeechToText-Lottie.app"; sourceTree = BUILT_PRODUCTS_DIR; };
		36C936D32AC2BE17009B7971 /* AppDelegate.swift */ = {isa = PBXFileReference; lastKnownFileType = sourcecode.swift; path = AppDelegate.swift; sourceTree = "<group>"; };
		36C936D52AC2BE17009B7971 /* SceneDelegate.swift */ = {isa = PBXFileReference; lastKnownFileType = sourcecode.swift; path = SceneDelegate.swift; sourceTree = "<group>"; };
		36C936D72AC2BE17009B7971 /* ViewController.swift */ = {isa = PBXFileReference; lastKnownFileType = sourcecode.swift; path = ViewController.swift; sourceTree = "<group>"; };
		36C936DA2AC2BE17009B7971 /* Base */ = {isa = PBXFileReference; lastKnownFileType = file.storyboard; name = Base; path = Base.lproj/Main.storyboard; sourceTree = "<group>"; };
		36C936DC2AC2BE18009B7971 /* Assets.xcassets */ = {isa = PBXFileReference; lastKnownFileType = folder.assetcatalog; path = Assets.xcassets; sourceTree = "<group>"; };
		36C936DF2AC2BE18009B7971 /* Base */ = {isa = PBXFileReference; lastKnownFileType = file.storyboard; name = Base; path = Base.lproj/LaunchScreen.storyboard; sourceTree = "<group>"; };
		36C936E12AC2BE18009B7971 /* Info.plist */ = {isa = PBXFileReference; lastKnownFileType = text.plist.xml; path = Info.plist; sourceTree = "<group>"; };
		79BD4FE489B60800D182D8BF /* Pods-SpeechToText-Lottie.debug.xcconfig */ = {isa = PBXFileReference; includeInIndex = 1; lastKnownFileType = text.xcconfig; name = "Pods-SpeechToText-Lottie.debug.xcconfig"; path = "Target Support Files/Pods-SpeechToText-Lottie/Pods-SpeechToText-Lottie.debug.xcconfig"; sourceTree = "<group>"; };
		B41CE1147FCD9123479ED58C /* Pods_SpeechToText_Lottie.framework */ = {isa = PBXFileReference; explicitFileType = wrapper.framework; includeInIndex = 0; path = Pods_SpeechToText_Lottie.framework; sourceTree = BUILT_PRODUCTS_DIR; };
		D541237E5C9AACA13552DB64 /* Pods-SpeechToText-Lottie.release.xcconfig */ = {isa = PBXFileReference; includeInIndex = 1; lastKnownFileType = text.xcconfig; name = "Pods-SpeechToText-Lottie.release.xcconfig"; path = "Target Support Files/Pods-SpeechToText-Lottie/Pods-SpeechToText-Lottie.release.xcconfig"; sourceTree = "<group>"; };
/* End PBXFileReference section */

/* Begin PBXFrameworksBuildPhase section */
		36C936CD2AC2BE17009B7971 /* Frameworks */ = {
			isa = PBXFrameworksBuildPhase;
			buildActionMask = 2147483647;
			files = (
				A7E444A8BE9FF677F760CD9D /* Pods_SpeechToText_Lottie.framework in Frameworks */,
			);
			runOnlyForDeploymentPostprocessing = 0;
		};
/* End PBXFrameworksBuildPhase section */

/* Begin PBXGroup section */
		36566E466F8FB42729FF974D /* Frameworks */ = {
			isa = PBXGroup;
			children = (
				B41CE1147FCD9123479ED58C /* Pods_SpeechToText_Lottie.framework */,
			);
			name = Frameworks;
			sourceTree = "<group>";
		};
		36C936C72AC2BE17009B7971 = {
			isa = PBXGroup;
			children = (
				36C936D22AC2BE17009B7971 /* SpeechToText-Lottie */,
				36C936D12AC2BE17009B7971 /* Products */,
				6FF17911FBA6A7DD15803061 /* Pods */,
				36566E466F8FB42729FF974D /* Frameworks */,
			);
			sourceTree = "<group>";
		};
		36C936D12AC2BE17009B7971 /* Products */ = {
			isa = PBXGroup;
			children = (
				36C936D02AC2BE17009B7971 /* SpeechToText-Lottie.app */,
			);
			name = Products;
			sourceTree = "<group>";
		};
		36C936D22AC2BE17009B7971 /* SpeechToText-Lottie */ = {
			isa = PBXGroup;
			children = (
				36C936D32AC2BE17009B7971 /* AppDelegate.swift */,
				36C936D52AC2BE17009B7971 /* SceneDelegate.swift */,
				36C936D72AC2BE17009B7971 /* ViewController.swift */,
				36C936D92AC2BE17009B7971 /* Main.storyboard */,
				363EE1002AC3B7CD002ABFF1 /* voice-command-vero.json */,
				36C936DC2AC2BE18009B7971 /* Assets.xcassets */,
				36C936DE2AC2BE18009B7971 /* LaunchScreen.storyboard */,
				36C936E12AC2BE18009B7971 /* Info.plist */,
			);
			path = "SpeechToText-Lottie";
			sourceTree = "<group>";
		};
		6FF17911FBA6A7DD15803061 /* Pods */ = {
			isa = PBXGroup;
			children = (
				79BD4FE489B60800D182D8BF /* Pods-SpeechToText-Lottie.debug.xcconfig */,
				D541237E5C9AACA13552DB64 /* Pods-SpeechToText-Lottie.release.xcconfig */,
			);
			path = Pods;
			sourceTree = "<group>";
		};
/* End PBXGroup section */

/* Begin PBXNativeTarget section */
		36C936CF2AC2BE17009B7971 /* SpeechToText-Lottie */ = {
			isa = PBXNativeTarget;
			buildConfigurationList = 36C936E42AC2BE18009B7971 /* Build configuration list for PBXNativeTarget "SpeechToText-Lottie" */;
			buildPhases = (
				6D83EDD8D00880042691E1ED /* [CP] Check Pods Manifest.lock */,
				36C936CC2AC2BE17009B7971 /* Sources */,
				36C936CD2AC2BE17009B7971 /* Frameworks */,
				36C936CE2AC2BE17009B7971 /* Resources */,
				F843B5945282D5DDC89A665F /* [CP] Embed Pods Frameworks */,
			);
			buildRules = (
			);
			dependencies = (
			);
			name = "SpeechToText-Lottie";
			productName = "SpeechToText-Lottie";
			productReference = 36C936D02AC2BE17009B7971 /* SpeechToText-Lottie.app */;
			productType = "com.apple.product-type.application";
		};
/* End PBXNativeTarget section */

/* Begin PBXProject section */
		36C936C82AC2BE17009B7971 /* Project object */ = {
			isa = PBXProject;
			attributes = {
				BuildIndependentTargetsInParallel = 1;
				LastSwiftUpdateCheck = 1420;
				LastUpgradeCheck = 1420;
				TargetAttributes = {
					36C936CF2AC2BE17009B7971 = {
						CreatedOnToolsVersion = 14.2;
					};
				};
			};
			buildConfigurationList = 36C936CB2AC2BE17009B7971 /* Build configuration list for PBXProject "SpeechToText-Lottie" */;
			compatibilityVersion = "Xcode 14.0";
			developmentRegion = en;
			hasScannedForEncodings = 0;
			knownRegions = (
				en,
				Base,
			);
			mainGroup = 36C936C72AC2BE17009B7971;
			productRefGroup = 36C936D12AC2BE17009B7971 /* Products */;
			projectDirPath = "";
			projectRoot = "";
			targets = (
				36C936CF2AC2BE17009B7971 /* SpeechToText-Lottie */,
			);
		};
/* End PBXProject section */

/* Begin PBXResourcesBuildPhase section */
		36C936CE2AC2BE17009B7971 /* Resources */ = {
			isa = PBXResourcesBuildPhase;
			buildActionMask = 2147483647;
			files = (
				36C936E02AC2BE18009B7971 /* LaunchScreen.storyboard in Resources */,
				36C936DD2AC2BE18009B7971 /* Assets.xcassets in Resources */,
				363EE1012AC3B7CD002ABFF1 /* voice-command-vero.json in Resources */,
				36C936DB2AC2BE17009B7971 /* Main.storyboard in Resources */,
			);
			runOnlyForDeploymentPostprocessing = 0;
		};
/* End PBXResourcesBuildPhase section */

/* Begin PBXShellScriptBuildPhase section */
		6D83EDD8D00880042691E1ED /* [CP] Check Pods Manifest.lock */ = {
			isa = PBXShellScriptBuildPhase;
			buildActionMask = 2147483647;
			files = (
			);
			inputFileListPaths = (
			);
			inputPaths = (
				"${PODS_PODFILE_DIR_PATH}/Podfile.lock",
				"${PODS_ROOT}/Manifest.lock",
			);
			name = "[CP] Check Pods Manifest.lock";
			outputFileListPaths = (
			);
			outputPaths = (
				"$(DERIVED_FILE_DIR)/Pods-SpeechToText-Lottie-checkManifestLockResult.txt",
			);
			runOnlyForDeploymentPostprocessing = 0;
			shellPath = /bin/sh;
			shellScript = "diff \"${PODS_PODFILE_DIR_PATH}/Podfile.lock\" \"${PODS_ROOT}/Manifest.lock\" > /dev/null\nif [ $? != 0 ] ; then\n    # print error to STDERR\n    echo \"error: The sandbox is not in sync with the Podfile.lock. Run 'pod install' or update your CocoaPods installation.\" >&2\n    exit 1\nfi\n# This output is used by Xcode 'outputs' to avoid re-running this script phase.\necho \"SUCCESS\" > \"${SCRIPT_OUTPUT_FILE_0}\"\n";
			showEnvVarsInLog = 0;
		};
		F843B5945282D5DDC89A665F /* [CP] Embed Pods Frameworks */ = {
			isa = PBXShellScriptBuildPhase;
			buildActionMask = 2147483647;
			files = (
			);
			inputFileListPaths = (
				"${PODS_ROOT}/Target Support Files/Pods-SpeechToText-Lottie/Pods-SpeechToText-Lottie-frameworks-${CONFIGURATION}-input-files.xcfilelist",
			);
			name = "[CP] Embed Pods Frameworks";
			outputFileListPaths = (
				"${PODS_ROOT}/Target Support Files/Pods-SpeechToText-Lottie/Pods-SpeechToText-Lottie-frameworks-${CONFIGURATION}-output-files.xcfilelist",
			);
			runOnlyForDeploymentPostprocessing = 0;
			shellPath = /bin/sh;
			shellScript = "\"${PODS_ROOT}/Target Support Files/Pods-SpeechToText-Lottie/Pods-SpeechToText-Lottie-frameworks.sh\"\n";
			showEnvVarsInLog = 0;
		};
/* End PBXShellScriptBuildPhase section */

/* Begin PBXSourcesBuildPhase section */
		36C936CC2AC2BE17009B7971 /* Sources */ = {
			isa = PBXSourcesBuildPhase;
			buildActionMask = 2147483647;
			files = (
				36C936D82AC2BE17009B7971 /* ViewController.swift in Sources */,
				36C936D42AC2BE17009B7971 /* AppDelegate.swift in Sources */,
				36C936D62AC2BE17009B7971 /* SceneDelegate.swift in Sources */,
			);
			runOnlyForDeploymentPostprocessing = 0;
		};
/* End PBXSourcesBuildPhase section */

/* Begin PBXVariantGroup section */
		36C936D92AC2BE17009B7971 /* Main.storyboard */ = {
			isa = PBXVariantGroup;
			children = (
				36C936DA2AC2BE17009B7971 /* Base */,
			);
			name = Main.storyboard;
			sourceTree = "<group>";
		};
		36C936DE2AC2BE18009B7971 /* LaunchScreen.storyboard */ = {
			isa = PBXVariantGroup;
			children = (
				36C936DF2AC2BE18009B7971 /* Base */,
			);
			name = LaunchScreen.storyboard;
			sourceTree = "<group>";
		};
/* End PBXVariantGroup section */

/* Begin XCBuildConfiguration section */
		36C936E22AC2BE18009B7971 /* Debug */ = {
			isa = XCBuildConfiguration;
			buildSettings = {
				ALWAYS_SEARCH_USER_PATHS = NO;
				CLANG_ANALYZER_NONNULL = YES;
				CLANG_ANALYZER_NUMBER_OBJECT_CONVERSION = YES_AGGRESSIVE;
				CLANG_CXX_LANGUAGE_STANDARD = "gnu++20";
				CLANG_ENABLE_MODULES = YES;
				CLANG_ENABLE_OBJC_ARC = YES;
				CLANG_ENABLE_OBJC_WEAK = YES;
				CLANG_WARN_BLOCK_CAPTURE_AUTORELEASING = YES;
				CLANG_WARN_BOOL_CONVERSION = YES;
				CLANG_WARN_COMMA = YES;
				CLANG_WARN_CONSTANT_CONVERSION = YES;
				CLANG_WARN_DEPRECATED_OBJC_IMPLEMENTATIONS = YES;
				CLANG_WARN_DIRECT_OBJC_ISA_USAGE = YES_ERROR;
				CLANG_WARN_DOCUMENTATION_COMMENTS = YES;
				CLANG_WARN_EMPTY_BODY = YES;
				CLANG_WARN_ENUM_CONVERSION = YES;
				CLANG_WARN_INFINITE_RECURSION = YES;
				CLANG_WARN_INT_CONVERSION = YES;
				CLANG_WARN_NON_LITERAL_NULL_CONVERSION = YES;
				CLANG_WARN_OBJC_IMPLICIT_RETAIN_SELF = YES;
				CLANG_WARN_OBJC_LITERAL_CONVERSION = YES;
				CLANG_WARN_OBJC_ROOT_CLASS = YES_ERROR;
				CLANG_WARN_QUOTED_INCLUDE_IN_FRAMEWORK_HEADER = YES;
				CLANG_WARN_RANGE_LOOP_ANALYSIS = YES;
				CLANG_WARN_STRICT_PROTOTYPES = YES;
				CLANG_WARN_SUSPICIOUS_MOVE = YES;
				CLANG_WARN_UNGUARDED_AVAILABILITY = YES_AGGRESSIVE;
				CLANG_WARN_UNREACHABLE_CODE = YES;
				CLANG_WARN__DUPLICATE_METHOD_MATCH = YES;
				COPY_PHASE_STRIP = NO;
				DEBUG_INFORMATION_FORMAT = dwarf;
				ENABLE_STRICT_OBJC_MSGSEND = YES;
				ENABLE_TESTABILITY = YES;
				GCC_C_LANGUAGE_STANDARD = gnu11;
				GCC_DYNAMIC_NO_PIC = NO;
				GCC_NO_COMMON_BLOCKS = YES;
				GCC_OPTIMIZATION_LEVEL = 0;
				GCC_PREPROCESSOR_DEFINITIONS = (
					"DEBUG=1",
					"$(inherited)",
				);
				GCC_WARN_64_TO_32_BIT_CONVERSION = YES;
				GCC_WARN_ABOUT_RETURN_TYPE = YES_ERROR;
				GCC_WARN_UNDECLARED_SELECTOR = YES;
				GCC_WARN_UNINITIALIZED_AUTOS = YES_AGGRESSIVE;
				GCC_WARN_UNUSED_FUNCTION = YES;
				GCC_WARN_UNUSED_VARIABLE = YES;
				IPHONEOS_DEPLOYMENT_TARGET = 16.2;
				MTL_ENABLE_DEBUG_INFO = INCLUDE_SOURCE;
				MTL_FAST_MATH = YES;
				ONLY_ACTIVE_ARCH = YES;
				SDKROOT = iphoneos;
				SWIFT_ACTIVE_COMPILATION_CONDITIONS = DEBUG;
				SWIFT_OPTIMIZATION_LEVEL = "-Onone";
			};
			name = Debug;
		};
		36C936E32AC2BE18009B7971 /* Release */ = {
			isa = XCBuildConfiguration;
			buildSettings = {
				ALWAYS_SEARCH_USER_PATHS = NO;
				CLANG_ANALYZER_NONNULL = YES;
				CLANG_ANALYZER_NUMBER_OBJECT_CONVERSION = YES_AGGRESSIVE;
				CLANG_CXX_LANGUAGE_STANDARD = "gnu++20";
				CLANG_ENABLE_MODULES = YES;
				CLANG_ENABLE_OBJC_ARC = YES;
				CLANG_ENABLE_OBJC_WEAK = YES;
				CLANG_WARN_BLOCK_CAPTURE_AUTORELEASING = YES;
				CLANG_WARN_BOOL_CONVERSION = YES;
				CLANG_WARN_COMMA = YES;
				CLANG_WARN_CONSTANT_CONVERSION = YES;
				CLANG_WARN_DEPRECATED_OBJC_IMPLEMENTATIONS = YES;
				CLANG_WARN_DIRECT_OBJC_ISA_USAGE = YES_ERROR;
				CLANG_WARN_DOCUMENTATION_COMMENTS = YES;
				CLANG_WARN_EMPTY_BODY = YES;
				CLANG_WARN_ENUM_CONVERSION = YES;
				CLANG_WARN_INFINITE_RECURSION = YES;
				CLANG_WARN_INT_CONVERSION = YES;
				CLANG_WARN_NON_LITERAL_NULL_CONVERSION = YES;
				CLANG_WARN_OBJC_IMPLICIT_RETAIN_SELF = YES;
				CLANG_WARN_OBJC_LITERAL_CONVERSION = YES;
				CLANG_WARN_OBJC_ROOT_CLASS = YES_ERROR;
				CLANG_WARN_QUOTED_INCLUDE_IN_FRAMEWORK_HEADER = YES;
				CLANG_WARN_RANGE_LOOP_ANALYSIS = YES;
				CLANG_WARN_STRICT_PROTOTYPES = YES;
				CLANG_WARN_SUSPICIOUS_MOVE = YES;
				CLANG_WARN_UNGUARDED_AVAILABILITY = YES_AGGRESSIVE;
				CLANG_WARN_UNREACHABLE_CODE = YES;
				CLANG_WARN__DUPLICATE_METHOD_MATCH = YES;
				COPY_PHASE_STRIP = NO;
				DEBUG_INFORMATION_FORMAT = "dwarf-with-dsym";
				ENABLE_NS_ASSERTIONS = NO;
				ENABLE_STRICT_OBJC_MSGSEND = YES;
				GCC_C_LANGUAGE_STANDARD = gnu11;
				GCC_NO_COMMON_BLOCKS = YES;
				GCC_WARN_64_TO_32_BIT_CONVERSION = YES;
				GCC_WARN_ABOUT_RETURN_TYPE = YES_ERROR;
				GCC_WARN_UNDECLARED_SELECTOR = YES;
				GCC_WARN_UNINITIALIZED_AUTOS = YES_AGGRESSIVE;
				GCC_WARN_UNUSED_FUNCTION = YES;
				GCC_WARN_UNUSED_VARIABLE = YES;
				IPHONEOS_DEPLOYMENT_TARGET = 16.2;
				MTL_ENABLE_DEBUG_INFO = NO;
				MTL_FAST_MATH = YES;
				SDKROOT = iphoneos;
				SWIFT_COMPILATION_MODE = wholemodule;
				SWIFT_OPTIMIZATION_LEVEL = "-O";
				VALIDATE_PRODUCT = YES;
			};
			name = Release;
		};
		36C936E52AC2BE18009B7971 /* Debug */ = {
			isa = XCBuildConfiguration;
			baseConfigurationReference = 79BD4FE489B60800D182D8BF /* Pods-SpeechToText-Lottie.debug.xcconfig */;
			buildSettings = {
				ASSETCATALOG_COMPILER_APPICON_NAME = AppIcon;
				ASSETCATALOG_COMPILER_GLOBAL_ACCENT_COLOR_NAME = AccentColor;
				CODE_SIGN_STYLE = Automatic;
				CURRENT_PROJECT_VERSION = 1;
				DEVELOPMENT_TEAM = FZ6QC7T222;
				GENERATE_INFOPLIST_FILE = YES;
				INFOPLIST_FILE = "SpeechToText-Lottie/Info.plist";
				INFOPLIST_KEY_UIApplicationSupportsIndirectInputEvents = YES;
				INFOPLIST_KEY_UILaunchStoryboardName = LaunchScreen;
				INFOPLIST_KEY_UIMainStoryboardFile = Main;
				INFOPLIST_KEY_UISupportedInterfaceOrientations_iPad = "UIInterfaceOrientationPortrait UIInterfaceOrientationPortraitUpsideDown UIInterfaceOrientationLandscapeLeft UIInterfaceOrientationLandscapeRight";
				INFOPLIST_KEY_UISupportedInterfaceOrientations_iPhone = "UIInterfaceOrientationPortrait UIInterfaceOrientationLandscapeLeft UIInterfaceOrientationLandscapeRight";
				LD_RUNPATH_SEARCH_PATHS = (
					"$(inherited)",
					"@executable_path/Frameworks",
				);
				MARKETING_VERSION = 1.0;
				PRODUCT_BUNDLE_IDENTIFIER = "com.SpeechToText-Lottie";
				PRODUCT_NAME = "$(TARGET_NAME)";
				SWIFT_EMIT_LOC_STRINGS = YES;
				SWIFT_VERSION = 5.0;
				TARGETED_DEVICE_FAMILY = "1,2";
			};
			name = Debug;
		};
		36C936E62AC2BE18009B7971 /* Release */ = {
			isa = XCBuildConfiguration;
			baseConfigurationReference = D541237E5C9AACA13552DB64 /* Pods-SpeechToText-Lottie.release.xcconfig */;
			buildSettings = {
				ASSETCATALOG_COMPILER_APPICON_NAME = AppIcon;
				ASSETCATALOG_COMPILER_GLOBAL_ACCENT_COLOR_NAME = AccentColor;
				CODE_SIGN_STYLE = Automatic;
				CURRENT_PROJECT_VERSION = 1;
				DEVELOPMENT_TEAM = FZ6QC7T222;
				GENERATE_INFOPLIST_FILE = YES;
				INFOPLIST_FILE = "SpeechToText-Lottie/Info.plist";
				INFOPLIST_KEY_UIApplicationSupportsIndirectInputEvents = YES;
				INFOPLIST_KEY_UILaunchStoryboardName = LaunchScreen;
				INFOPLIST_KEY_UIMainStoryboardFile = Main;
				INFOPLIST_KEY_UISupportedInterfaceOrientations_iPad = "UIInterfaceOrientationPortrait UIInterfaceOrientationPortraitUpsideDown UIInterfaceOrientationLandscapeLeft UIInterfaceOrientationLandscapeRight";
				INFOPLIST_KEY_UISupportedInterfaceOrientations_iPhone = "UIInterfaceOrientationPortrait UIInterfaceOrientationLandscapeLeft UIInterfaceOrientationLandscapeRight";
				LD_RUNPATH_SEARCH_PATHS = (
					"$(inherited)",
					"@executable_path/Frameworks",
				);
				MARKETING_VERSION = 1.0;
				PRODUCT_BUNDLE_IDENTIFIER = "com.SpeechToText-Lottie";
				PRODUCT_NAME = "$(TARGET_NAME)";
				SWIFT_EMIT_LOC_STRINGS = YES;
				SWIFT_VERSION = 5.0;
				TARGETED_DEVICE_FAMILY = "1,2";
			};
			name = Release;
		};
/* End XCBuildConfiguration section */

/* Begin XCConfigurationList section */
		36C936CB2AC2BE17009B7971 /* Build configuration list for PBXProject "SpeechToText-Lottie" */ = {
			isa = XCConfigurationList;
			buildConfigurations = (
				36C936E22AC2BE18009B7971 /* Debug */,
				36C936E32AC2BE18009B7971 /* Release */,
			);
			defaultConfigurationIsVisible = 0;
			defaultConfigurationName = Release;
		};
		36C936E42AC2BE18009B7971 /* Build configuration list for PBXNativeTarget "SpeechToText-Lottie" */ = {
			isa = XCConfigurationList;
			buildConfigurations = (
				36C936E52AC2BE18009B7971 /* Debug */,
				36C936E62AC2BE18009B7971 /* Release */,
			);
			defaultConfigurationIsVisible = 0;
			defaultConfigurationName = Release;
		};
/* End XCConfigurationList section */
	};
	rootObject = 36C936C82AC2BE17009B7971 /* Project object */;
}
